
Microsoft Visual Studio Solution File, Format Version 12.00
# Visual Studio Version 17
VisualStudioVersion = 17.9.34622.214
MinimumVisualStudioVersion = 10.0.40219.1
Project("{FAE04EC0-301F-11D3-BF4B-00C04F79EFBC}") = "1_SynchronizationContext", "1_SynchronizationContext\1_SynchronizationContext.csproj", "{21E09222-832C-4740-B667-03BC472026C9}"
EndProject
Project("{FAE04EC0-301F-11D3-BF4B-00C04F79EFBC}") = "2_Tasks", "2_Tasks\2_Tasks.csproj", "{2C8CF731-ABA9-4381-B6AE-0EB8CF786B0C}"
EndProject
Project("{9A19103F-16F7-4668-BE54-9A1E7A4F7556}") = "3_1_IEnumerable", "3_1_IEnumerable\3_1_IEnumerable.csproj", "{1873C1CE-5913-4384-B3ED-5363BDC1FA33}"
EndProject
Project("{FAE04EC0-301F-11D3-BF4B-00C04F79EFBC}") = "3_2_IEnumerable_Tasks", "3_2_IEnumerable_Tasks\3_2_IEnumerable_Tasks.csproj", "{34505A07-E039-4E0D-95F0-97AF6111E77D}"
EndProject
Global
	GlobalSection(SolutionConfigurationPlatforms) = preSolution
		Debug|Any CPU = Debug|Any CPU
		Debug|ARM = Debug|ARM
		Debug|ARM64 = Debug|ARM64
		Debug|x64 = Debug|x64
		Debug|x86 = Debug|x86
		Release|Any CPU = Release|Any CPU
		Release|ARM = Release|ARM
		Release|ARM64 = Release|ARM64
		Release|x64 = Release|x64
		Release|x86 = Release|x86
	EndGlobalSection
	GlobalSection(ProjectConfigurationPlatforms) = postSolution
		{21E09222-832C-4740-B667-03BC472026C9}.Debug|Any CPU.ActiveCfg = Debug|x64
		{21E09222-832C-4740-B667-03BC472026C9}.Debug|Any CPU.Build.0 = Debug|x64
		{21E09222-832C-4740-B667-03BC472026C9}.Debug|Any CPU.Deploy.0 = Debug|x64
		{21E09222-832C-4740-B667-03BC472026C9}.Debug|ARM.ActiveCfg = Debug|ARM
		{21E09222-832C-4740-B667-03BC472026C9}.Debug|ARM.Build.0 = Debug|ARM
		{21E09222-832C-4740-B667-03BC472026C9}.Debug|ARM.Deploy.0 = Debug|ARM
		{21E09222-832C-4740-B667-03BC472026C9}.Debug|ARM64.ActiveCfg = Debug|ARM64
		{21E09222-832C-4740-B667-03BC472026C9}.Debug|ARM64.Build.0 = Debug|ARM64
		{21E09222-832C-4740-B667-03BC472026C9}.Debug|ARM64.Deploy.0 = Debug|ARM64
		{21E09222-832C-4740-B667-03BC472026C9}.Debug|x64.ActiveCfg = Debug|x64
		{21E09222-832C-4740-B667-03BC472026C9}.Debug|x64.Build.0 = Debug|x64
		{21E09222-832C-4740-B667-03BC472026C9}.Debug|x64.Deploy.0 = Debug|x64
		{21E09222-832C-4740-B667-03BC472026C9}.Debug|x86.ActiveCfg = Debug|x86
		{21E09222-832C-4740-B667-03BC472026C9}.Debug|x86.Build.0 = Debug|x86
		{21E09222-832C-4740-B667-03BC472026C9}.Debug|x86.Deploy.0 = Debug|x86
		{21E09222-832C-4740-B667-03BC472026C9}.Release|Any CPU.ActiveCfg = Release|x64
		{21E09222-832C-4740-B667-03BC472026C9}.Release|Any CPU.Build.0 = Release|x64
		{21E09222-832C-4740-B667-03BC472026C9}.Release|Any CPU.Deploy.0 = Release|x64
		{21E09222-832C-4740-B667-03BC472026C9}.Release|ARM.ActiveCfg = Release|ARM
		{21E09222-832C-4740-B667-03BC472026C9}.Release|ARM.Build.0 = Release|ARM
		{21E09222-832C-4740-B667-03BC472026C9}.Release|ARM.Deploy.0 = Release|ARM
		{21E09222-832C-4740-B667-03BC472026C9}.Release|ARM64.ActiveCfg = Release|ARM64
		{21E09222-832C-4740-B667-03BC472026C9}.Release|ARM64.Build.0 = Release|ARM64
		{21E09222-832C-4740-B667-03BC472026C9}.Release|ARM64.Deploy.0 = Release|ARM64
		{21E09222-832C-4740-B667-03BC472026C9}.Release|x64.ActiveCfg = Release|x64
		{21E09222-832C-4740-B667-03BC472026C9}.Release|x64.Build.0 = Release|x64
		{21E09222-832C-4740-B667-03BC472026C9}.Release|x64.Deploy.0 = Release|x64
		{21E09222-832C-4740-B667-03BC472026C9}.Release|x86.ActiveCfg = Release|x86
		{21E09222-832C-4740-B667-03BC472026C9}.Release|x86.Build.0 = Release|x86
		{21E09222-832C-4740-B667-03BC472026C9}.Release|x86.Deploy.0 = Release|x86
		{2C8CF731-ABA9-4381-B6AE-0EB8CF786B0C}.Debug|Any CPU.ActiveCfg = Debug|x64
		{2C8CF731-ABA9-4381-B6AE-0EB8CF786B0C}.Debug|Any CPU.Build.0 = Debug|x64
		{2C8CF731-ABA9-4381-B6AE-0EB8CF786B0C}.Debug|Any CPU.Deploy.0 = Debug|x64
		{2C8CF731-ABA9-4381-B6AE-0EB8CF786B0C}.Debug|ARM.ActiveCfg = Debug|ARM
		{2C8CF731-ABA9-4381-B6AE-0EB8CF786B0C}.Debug|ARM.Build.0 = Debug|ARM
		{2C8CF731-ABA9-4381-B6AE-0EB8CF786B0C}.Debug|ARM.Deploy.0 = Debug|ARM
		{2C8CF731-ABA9-4381-B6AE-0EB8CF786B0C}.Debug|ARM64.ActiveCfg = Debug|ARM64
		{2C8CF731-ABA9-4381-B6AE-0EB8CF786B0C}.Debug|ARM64.Build.0 = Debug|ARM64
		{2C8CF731-ABA9-4381-B6AE-0EB8CF786B0C}.Debug|ARM64.Deploy.0 = Debug|ARM64
		{2C8CF731-ABA9-4381-B6AE-0EB8CF786B0C}.Debug|x64.ActiveCfg = Debug|x64
		{2C8CF731-ABA9-4381-B6AE-0EB8CF786B0C}.Debug|x64.Build.0 = Debug|x64
		{2C8CF731-ABA9-4381-B6AE-0EB8CF786B0C}.Debug|x64.Deploy.0 = Debug|x64
		{2C8CF731-ABA9-4381-B6AE-0EB8CF786B0C}.Debug|x86.ActiveCfg = Debug|x86
		{2C8CF731-ABA9-4381-B6AE-0EB8CF786B0C}.Debug|x86.Build.0 = Debug|x86
		{2C8CF731-ABA9-4381-B6AE-0EB8CF786B0C}.Debug|x86.Deploy.0 = Debug|x86
		{2C8CF731-ABA9-4381-B6AE-0EB8CF786B0C}.Release|Any CPU.ActiveCfg = Release|x64
		{2C8CF731-ABA9-4381-B6AE-0EB8CF786B0C}.Release|Any CPU.Build.0 = Release|x64
		{2C8CF731-ABA9-4381-B6AE-0EB8CF786B0C}.Release|Any CPU.Deploy.0 = Release|x64
		{2C8CF731-ABA9-4381-B6AE-0EB8CF786B0C}.Release|ARM.ActiveCfg = Release|ARM
		{2C8CF731-ABA9-4381-B6AE-0EB8CF786B0C}.Release|ARM.Build.0 = Release|ARM
		{2C8CF731-ABA9-4381-B6AE-0EB8CF786B0C}.Release|ARM.Deploy.0 = Release|ARM
		{2C8CF731-ABA9-4381-B6AE-0EB8CF786B0C}.Release|ARM64.ActiveCfg = Release|ARM64
		{2C8CF731-ABA9-4381-B6AE-0EB8CF786B0C}.Release|ARM64.Build.0 = Release|ARM64
		{2C8CF731-ABA9-4381-B6AE-0EB8CF786B0C}.Release|ARM64.Deploy.0 = Release|ARM64
		{2C8CF731-ABA9-4381-B6AE-0EB8CF786B0C}.Release|x64.ActiveCfg = Release|x64
		{2C8CF731-ABA9-4381-B6AE-0EB8CF786B0C}.Release|x64.Build.0 = Release|x64
		{2C8CF731-ABA9-4381-B6AE-0EB8CF786B0C}.Release|x64.Deploy.0 = Release|x64
		{2C8CF731-ABA9-4381-B6AE-0EB8CF786B0C}.Release|x86.ActiveCfg = Release|x86
		{2C8CF731-ABA9-4381-B6AE-0EB8CF786B0C}.Release|x86.Build.0 = Release|x86
		{2C8CF731-ABA9-4381-B6AE-0EB8CF786B0C}.Release|x86.Deploy.0 = Release|x86
		{1873C1CE-5913-4384-B3ED-5363BDC1FA33}.Debug|Any CPU.ActiveCfg = Debug|Any CPU
		{1873C1CE-5913-4384-B3ED-5363BDC1FA33}.Debug|Any CPU.Build.0 = Debug|Any CPU
		{1873C1CE-5913-4384-B3ED-5363BDC1FA33}.Debug|ARM.ActiveCfg = Debug|Any CPU
		{1873C1CE-5913-4384-B3ED-5363BDC1FA33}.Debug|ARM.Build.0 = Debug|Any CPU
		{1873C1CE-5913-4384-B3ED-5363BDC1FA33}.Debug|ARM64.ActiveCfg = Debug|Any CPU
		{1873C1CE-5913-4384-B3ED-5363BDC1FA33}.Debug|ARM64.Build.0 = Debug|Any CPU
		{1873C1CE-5913-4384-B3ED-5363BDC1FA33}.Debug|x64.ActiveCfg = Debug|Any CPU
		{1873C1CE-5913-4384-B3ED-5363BDC1FA33}.Debug|x64.Build.0 = Debug|Any CPU
		{1873C1CE-5913-4384-B3ED-5363BDC1FA33}.Debug|x86.ActiveCfg = Debug|Any CPU
		{1873C1CE-5913-4384-B3ED-5363BDC1FA33}.Debug|x86.Build.0 = Debug|Any CPU
		{1873C1CE-5913-4384-B3ED-5363BDC1FA33}.Release|Any CPU.ActiveCfg = Release|Any CPU
		{1873C1CE-5913-4384-B3ED-5363BDC1FA33}.Release|Any CPU.Build.0 = Release|Any CPU
		{1873C1CE-5913-4384-B3ED-5363BDC1FA33}.Release|ARM.ActiveCfg = Release|Any CPU
		{1873C1CE-5913-4384-B3ED-5363BDC1FA33}.Release|ARM.Build.0 = Release|Any CPU
		{1873C1CE-5913-4384-B3ED-5363BDC1FA33}.Release|ARM64.ActiveCfg = Release|Any CPU
		{1873C1CE-5913-4384-B3ED-5363BDC1FA33}.Release|ARM64.Build.0 = Release|Any CPU
		{1873C1CE-5913-4384-B3ED-5363BDC1FA33}.Release|x64.ActiveCfg = Release|Any CPU
		{1873C1CE-5913-4384-B3ED-5363BDC1FA33}.Release|x64.Build.0 = Release|Any CPU
		{1873C1CE-5913-4384-B3ED-5363BDC1FA33}.Release|x86.ActiveCfg = Release|Any CPU
		{1873C1CE-5913-4384-B3ED-5363BDC1FA33}.Release|x86.Build.0 = Release|Any CPU
		{34505A07-E039-4E0D-95F0-97AF6111E77D}.Debug|Any CPU.ActiveCfg = Debug|Any CPU
		{34505A07-E039-4E0D-95F0-97AF6111E77D}.Debug|Any CPU.Build.0 = Debug|Any CPU
		{34505A07-E039-4E0D-95F0-97AF6111E77D}.Debug|ARM.ActiveCfg = Debug|Any CPU
		{34505A07-E039-4E0D-95F0-97AF6111E77D}.Debug|ARM.Build.0 = Debug|Any CPU
		{34505A07-E039-4E0D-95F0-97AF6111E77D}.Debug|ARM64.ActiveCfg = Debug|Any CPU
		{34505A07-E039-4E0D-95F0-97AF6111E77D}.Debug|ARM64.Build.0 = Debug|Any CPU
		{34505A07-E039-4E0D-95F0-97AF6111E77D}.Debug|x64.ActiveCfg = Debug|Any CPU
		{34505A07-E039-4E0D-95F0-97AF6111E77D}.Debug|x64.Build.0 = Debug|Any CPU
		{34505A07-E039-4E0D-95F0-97AF6111E77D}.Debug|x86.ActiveCfg = Debug|Any CPU
		{34505A07-E039-4E0D-95F0-97AF6111E77D}.Debug|x86.Build.0 = Debug|Any CPU
		{34505A07-E039-4E0D-95F0-97AF6111E77D}.Release|Any CPU.ActiveCfg = Release|Any CPU
		{34505A07-E039-4E0D-95F0-97AF6111E77D}.Release|Any CPU.Build.0 = Release|Any CPU
		{34505A07-E039-4E0D-95F0-97AF6111E77D}.Release|ARM.ActiveCfg = Release|Any CPU
		{34505A07-E039-4E0D-95F0-97AF6111E77D}.Release|ARM.Build.0 = Release|Any CPU
		{34505A07-E039-4E0D-95F0-97AF6111E77D}.Release|ARM64.ActiveCfg = Release|Any CPU
		{34505A07-E039-4E0D-95F0-97AF6111E77D}.Release|ARM64.Build.0 = Release|Any CPU
		{34505A07-E039-4E0D-95F0-97AF6111E77D}.Release|x64.ActiveCfg = Release|Any CPU
		{34505A07-E039-4E0D-95F0-97AF6111E77D}.Release|x64.Build.0 = Release|Any CPU
		{34505A07-E039-4E0D-95F0-97AF6111E77D}.Release|x86.ActiveCfg = Release|Any CPU
		{34505A07-E039-4E0D-95F0-97AF6111E77D}.Release|x86.Build.0 = Release|Any CPU
	EndGlobalSection
	GlobalSection(SolutionProperties) = preSolution
		HideSolutionNode = FALSE
	EndGlobalSection
	GlobalSection(ExtensibilityGlobals) = postSolution
		SolutionGuid = {E946AD13-F824-4E30-87A7-9B36309BFC2A}
	EndGlobalSection
EndGlobal
